
Microsoft Visual Studio Solution File, Format Version 12.00
# Visual Studio Version 17
VisualStudioVersion = 17.3.32929.385
MinimumVisualStudioVersion = 10.0.40219.1
Project("{FAE04EC0-301F-11D3-BF4B-00C04F79EFBC}") = "MyApp6", "MyApp6.csproj", "{0AEA6D09-6BE3-4A5B-9420-6FAB0A61414C}"
EndProject
Project("{54435603-DBB4-11D2-8724-00A0C9A8B90C}") = "SetupMyApp6", "..\SetupMyApp6\SetupMyApp6.vdproj", "{32D11E5A-04E3-4D25-AAA5-8463A8A99DF3}"
EndProject
Global
	GlobalSection(SolutionConfigurationPlatforms) = preSolution
		Debug|Any CPU = Debug|Any CPU
		Release|Any CPU = Release|Any CPU
	EndGlobalSection
	GlobalSection(ProjectConfigurationPlatforms) = postSolution
		{0AEA6D09-6BE3-4A5B-9420-6FAB0A61414C}.Debug|Any CPU.ActiveCfg = Debug|Any CPU
		{0AEA6D09-6BE3-4A5B-9420-6FAB0A61414C}.Debug|Any CPU.Build.0 = Debug|Any CPU
		{0AEA6D09-6BE3-4A5B-9420-6FAB0A61414C}.Release|Any CPU.ActiveCfg = Release|Any CPU
		{0AEA6D09-6BE3-4A5B-9420-6FAB0A61414C}.Release|Any CPU.Build.0 = Release|Any CPU
		{32D11E5A-04E3-4D25-AAA5-8463A8A99DF3}.Debug|Any CPU.ActiveCfg = Debug
		{32D11E5A-04E3-4D25-AAA5-8463A8A99DF3}.Release|Any CPU.ActiveCfg = Release
	EndGlobalSection
	GlobalSection(SolutionProperties) = preSolution
		HideSolutionNode = FALSE
	EndGlobalSection
	GlobalSection(ExtensibilityGlobals) = postSolution
		SolutionGuid = {FFC7E018-5B6A-4E1C-86D2-B5C9D68CDBC4}
	EndGlobalSection
EndGlobal
